// !$*UTF8*$!
{
	archiveVersion = 1;
	classes = {
	};
	objectVersion = 46;
	objects = {

/* Begin PBXBuildFile section */
		5686B2C91A8D46BC009815D9 /* main.m in Sources */ = {isa = PBXBuildFile; fileRef = 5686B2C81A8D46BC009815D9 /* main.m */; };
		5686B2CC1A8D46BC009815D9 /* AppDelegate.m in Sources */ = {isa = PBXBuildFile; fileRef = 5686B2CB1A8D46BC009815D9 /* AppDelegate.m */; };
		5686B2D21A8D46BC009815D9 /* Main.storyboard in Resources */ = {isa = PBXBuildFile; fileRef = 5686B2D01A8D46BC009815D9 /* Main.storyboard */; };
		5686B2D41A8D46BC009815D9 /* Images.xcassets in Resources */ = {isa = PBXBuildFile; fileRef = 5686B2D31A8D46BC009815D9 /* Images.xcassets */; };
		5686B2D71A8D46BC009815D9 /* LaunchScreen.xib in Resources */ = {isa = PBXBuildFile; fileRef = 5686B2D51A8D46BC009815D9 /* LaunchScreen.xib */; };
		5686B2E31A8D46BD009815D9 /* DreamCatcherTests.m in Sources */ = {isa = PBXBuildFile; fileRef = 5686B2E21A8D46BD009815D9 /* DreamCatcherTests.m */; };
		569C53441A8D4E6500F018B0 /* ListViewController.m in Sources */ = {isa = PBXBuildFile; fileRef = 569C53431A8D4E6500F018B0 /* ListViewController.m */; };
/* End PBXBuildFile section */

/* Begin PBXContainerItemProxy section */
		5686B2DD1A8D46BD009815D9 /* PBXContainerItemProxy */ = {
			isa = PBXContainerItemProxy;
			containerPortal = 5686B2BB1A8D46BC009815D9 /* Project object */;
			proxyType = 1;
			remoteGlobalIDString = 5686B2C21A8D46BC009815D9;
			remoteInfo = DreamCatcher;
		};
/* End PBXContainerItemProxy section */

/* Begin PBXFileReference section */
		5686B2C31A8D46BC009815D9 /* DreamCatcher.app */ = {isa = PBXFileReference; explicitFileType = wrapper.application; includeInIndex = 0; path = DreamCatcher.app; sourceTree = BUILT_PRODUCTS_DIR; };
		5686B2C71A8D46BC009815D9 /* Info.plist */ = {isa = PBXFileReference; lastKnownFileType = text.plist.xml; path = Info.plist; sourceTree = "<group>"; };
		5686B2C81A8D46BC009815D9 /* main.m */ = {isa = PBXFileReference; lastKnownFileType = sourcecode.c.objc; path = main.m; sourceTree = "<group>"; };
		5686B2CA1A8D46BC009815D9 /* AppDelegate.h */ = {isa = PBXFileReference; lastKnownFileType = sourcecode.c.h; path = AppDelegate.h; sourceTree = "<group>"; };
		5686B2CB1A8D46BC009815D9 /* AppDelegate.m */ = {isa = PBXFileReference; lastKnownFileType = sourcecode.c.objc; path = AppDelegate.m; sourceTree = "<group>"; };
		5686B2D11A8D46BC009815D9 /* Base */ = {isa = PBXFileReference; lastKnownFileType = file.storyboard; name = Base; path = Base.lproj/Main.storyboard; sourceTree = "<group>"; };
		5686B2D31A8D46BC009815D9 /* Images.xcassets */ = {isa = PBXFileReference; lastKnownFileType = folder.assetcatalog; path = Images.xcassets; sourceTree = "<group>"; };
		5686B2D61A8D46BC009815D9 /* Base */ = {isa = PBXFileReference; lastKnownFileType = file.xib; name = Base; path = Base.lproj/LaunchScreen.xib; sourceTree = "<group>"; };
		5686B2DC1A8D46BD009815D9 /* DreamCatcherTests.xctest */ = {isa = PBXFileReference; explicitFileType = wrapper.cfbundle; includeInIndex = 0; path = DreamCatcherTests.xctest; sourceTree = BUILT_PRODUCTS_DIR; };
		5686B2E11A8D46BD009815D9 /* Info.plist */ = {isa = PBXFileReference; lastKnownFileType = text.plist.xml; path = Info.plist; sourceTree = "<group>"; };
		5686B2E21A8D46BD009815D9 /* DreamCatcherTests.m */ = {isa = PBXFileReference; lastKnownFileType = sourcecode.c.objc; path = DreamCatcherTests.m; sourceTree = "<group>"; };
		569C53421A8D4E6500F018B0 /* ListViewController.h */ = {isa = PBXFileReference; fileEncoding = 4; lastKnownFileType = sourcecode.c.h; path = ListViewController.h; sourceTree = "<group>"; };
		569C53431A8D4E6500F018B0 /* ListViewController.m */ = {isa = PBXFileReference; fileEncoding = 4; lastKnownFileType = sourcecode.c.objc; path = ListViewController.m; sourceTree = "<group>"; };
/* End PBXFileReference section */

/* Begin PBXFrameworksBuildPhase section */
		5686B2C01A8D46BC009815D9 /* Frameworks */ = {
			isa = PBXFrameworksBuildPhase;
			buildActionMask = 2147483647;
			files = (
			);
			runOnlyForDeploymentPostprocessing = 0;
		};
		5686B2D91A8D46BD009815D9 /* Frameworks */ = {
			isa = PBXFrameworksBuildPhase;
			buildActionMask = 2147483647;
			files = (
			);
			runOnlyForDeploymentPostprocessing = 0;
		};
/* End PBXFrameworksBuildPhase section */

/* Begin PBXGroup section */
		5686B2BA1A8D46BC009815D9 = {
			isa = PBXGroup;
			children = (
				5686B2C51A8D46BC009815D9 /* DreamCatcher */,
				5686B2DF1A8D46BD009815D9 /* DreamCatcherTests */,
				5686B2C41A8D46BC009815D9 /* Products */,
			);
			sourceTree = "<group>";
		};
		5686B2C41A8D46BC009815D9 /* Products */ = {
			isa = PBXGroup;
			children = (
				5686B2C31A8D46BC009815D9 /* DreamCatcher.app */,
				5686B2DC1A8D46BD009815D9 /* DreamCatcherTests.xctest */,
			);
			name = Products;
			sourceTree = "<group>";
		};
		5686B2C51A8D46BC009815D9 /* DreamCatcher */ = {
			isa = PBXGroup;
			children = (
				5686B2CA1A8D46BC009815D9 /* AppDelegate.h */,
				5686B2CB1A8D46BC009815D9 /* AppDelegate.m */,
				569C53421A8D4E6500F018B0 /* ListViewController.h */,
				569C53431A8D4E6500F018B0 /* ListViewController.m */,
				5686B2D01A8D46BC009815D9 /* Main.storyboard */,
				5686B2D31A8D46BC009815D9 /* Images.xcassets */,
				5686B2D51A8D46BC009815D9 /* LaunchScreen.xib */,
				5686B2C61A8D46BC009815D9 /* Supporting Files */,
			);
			path = DreamCatcher;
			sourceTree = "<group>";
		};
		5686B2C61A8D46BC009815D9 /* Supporting Files */ = {
			isa = PBXGroup;
			children = (
				5686B2C71A8D46BC009815D9 /* Info.plist */,
				5686B2C81A8D46BC009815D9 /* main.m */,
			);
			name = "Supporting Files";
			sourceTree = "<group>";
		};
		5686B2DF1A8D46BD009815D9 /* DreamCatcherTests */ = {
			isa = PBXGroup;
			children = (
				5686B2E21A8D46BD009815D9 /* DreamCatcherTests.m */,
				5686B2E01A8D46BD009815D9 /* Supporting Files */,
			);
			path = DreamCatcherTests;
			sourceTree = "<group>";
		};
		5686B2E01A8D46BD009815D9 /* Supporting Files */ = {
			isa = PBXGroup;
			children = (
				5686B2E11A8D46BD009815D9 /* Info.plist */,
			);
			name = "Supporting Files";
			sourceTree = "<group>";
		};
/* End PBXGroup section */

/* Begin PBXNativeTarget section */
		5686B2C21A8D46BC009815D9 /* DreamCatcher */ = {
			isa = PBXNativeTarget;
			buildConfigurationList = 5686B2E61A8D46BD009815D9 /* Build configuration list for PBXNativeTarget "DreamCatcher" */;
			buildPhases = (
				5686B2BF1A8D46BC009815D9 /* Sources */,
				5686B2C01A8D46BC009815D9 /* Frameworks */,
				5686B2C11A8D46BC009815D9 /* Resources */,
			);
			buildRules = (
			);
			dependencies = (
			);
			name = DreamCatcher;
			productName = DreamCatcher;
			productReference = 5686B2C31A8D46BC009815D9 /* DreamCatcher.app */;
			productType = "com.apple.product-type.application";
		};
		5686B2DB1A8D46BD009815D9 /* DreamCatcherTests */ = {
			isa = PBXNativeTarget;
			buildConfigurationList = 5686B2E91A8D46BD009815D9 /* Build configuration list for PBXNativeTarget "DreamCatcherTests" */;
			buildPhases = (
				5686B2D81A8D46BD009815D9 /* Sources */,
				5686B2D91A8D46BD009815D9 /* Frameworks */,
				5686B2DA1A8D46BD009815D9 /* Resources */,
			);
			buildRules = (
			);
			dependencies = (
				5686B2DE1A8D46BD009815D9 /* PBXTargetDependency */,
			);
			name = DreamCatcherTests;
			productName = DreamCatcherTests;
			productReference = 5686B2DC1A8D46BD009815D9 /* DreamCatcherTests.xctest */;
			productType = "com.apple.product-type.bundle.unit-test";
		};
/* End PBXNativeTarget section */

/* Begin PBXProject section */
		5686B2BB1A8D46BC009815D9 /* Project object */ = {
			isa = PBXProject;
			attributes = {
				LastUpgradeCheck = 0610;
				ORGANIZATIONNAME = "Brazuca Labs";
				TargetAttributes = {
					5686B2C21A8D46BC009815D9 = {
						CreatedOnToolsVersion = 6.1.1;
					};
					5686B2DB1A8D46BD009815D9 = {
						CreatedOnToolsVersion = 6.1.1;
						TestTargetID = 5686B2C21A8D46BC009815D9;
					};
				};
			};
			buildConfigurationList = 5686B2BE1A8D46BC009815D9 /* Build configuration list for PBXProject "DreamCatcher" */;
			compatibilityVersion = "Xcode 3.2";
			developmentRegion = English;
			hasScannedForEncodings = 0;
			knownRegions = (
				en,
				Base,
			);
			mainGroup = 5686B2BA1A8D46BC009815D9;
			productRefGroup = 5686B2C41A8D46BC009815D9 /* Products */;
			projectDirPath = "";
			projectRoot = "";
			targets = (
				5686B2C21A8D46BC009815D9 /* DreamCatcher */,
				5686B2DB1A8D46BD009815D9 /* DreamCatcherTests */,
			);
		};
/* End PBXProject section */

/* Begin PBXResourcesBuildPhase section */
		5686B2C11A8D46BC009815D9 /* Resources */ = {
			isa = PBXResourcesBuildPhase;
			buildActionMask = 2147483647;
			files = (
				5686B2D21A8D46BC009815D9 /* Main.storyboard in Resources */,
				5686B2D71A8D46BC009815D9 /* LaunchScreen.xib in Resources */,
				5686B2D41A8D46BC009815D9 /* Images.xcassets in Resources */,
			);
			runOnlyForDeploymentPostprocessing = 0;
		};
		5686B2DA1A8D46BD009815D9 /* Resources */ = {
			isa = PBXResourcesBuildPhase;
			buildActionMask = 2147483647;
			files = (
			);
			runOnlyForDeploymentPostprocessing = 0;
		};
/* End PBXResourcesBuildPhase section */

/* Begin PBXSourcesBuildPhase section */
		5686B2BF1A8D46BC009815D9 /* Sources */ = {
			isa = PBXSourcesBuildPhase;
			buildActionMask = 2147483647;
			files = (
				5686B2CC1A8D46BC009815D9 /* AppDelegate.m in Sources */,
				5686B2C91A8D46BC009815D9 /* main.m in Sources */,
				569C53441A8D4E6500F018B0 /* ListViewController.m in Sources */,
			);
			runOnlyForDeploymentPostprocessing = 0;
		};
		5686B2D81A8D46BD009815D9 /* Sources */ = {
			isa = PBXSourcesBuildPhase;
			buildActionMask = 2147483647;
			files = (
				5686B2E31A8D46BD009815D9 /* DreamCatcherTests.m in Sources */,
			);
			runOnlyForDeploymentPostprocessing = 0;
		};
/* End PBXSourcesBuildPhase section */

/* Begin PBXTargetDependency section */
		5686B2DE1A8D46BD009815D9 /* PBXTargetDependency */ = {
			isa = PBXTargetDependency;
			target = 5686B2C21A8D46BC009815D9 /* DreamCatcher */;
			targetProxy = 5686B2DD1A8D46BD009815D9 /* PBXContainerItemProxy */;
		};
/* End PBXTargetDependency section */

/* Begin PBXVariantGroup section */
		5686B2D01A8D46BC009815D9 /* Main.storyboard */ = {
			isa = PBXVariantGroup;
			children = (
				5686B2D11A8D46BC009815D9 /* Base */,
			);
			name = Main.storyboard;
			sourceTree = "<group>";
		};
		5686B2D51A8D46BC009815D9 /* LaunchScreen.xib */ = {
			isa = PBXVariantGroup;
			children = (
				5686B2D61A8D46BC009815D9 /* Base */,
			);
			name = LaunchScreen.xib;
			sourceTree = "<group>";
		};
/* End PBXVariantGroup section */

/* Begin XCBuildConfiguration section */
		5686B2E41A8D46BD009815D9 /* Debug */ = {
			isa = XCBuildConfiguration;
			buildSettings = {
				ALWAYS_SEARCH_USER_PATHS = NO;
				CLANG_CXX_LANGUAGE_STANDARD = "gnu++0x";
				CLANG_CXX_LIBRARY = "libc++";
				CLANG_ENABLE_MODULES = YES;
				CLANG_ENABLE_OBJC_ARC = YES;
				CLANG_WARN_BOOL_CONVERSION = YES;
				CLANG_WARN_CONSTANT_CONVERSION = YES;
				CLANG_WARN_DIRECT_OBJC_ISA_USAGE = YES_ERROR;
				CLANG_WARN_EMPTY_BODY = YES;
				CLANG_WARN_ENUM_CONVERSION = YES;
				CLANG_WARN_INT_CONVERSION = YES;
				CLANG_WARN_OBJC_ROOT_CLASS = YES_ERROR;
				CLANG_WARN_UNREACHABLE_CODE = YES;
				CLANG_WARN__DUPLICATE_METHOD_MATCH = YES;
				"CODE_SIGN_IDENTITY[sdk=iphoneos*]" = "iPhone Developer";
				COPY_PHASE_STRIP = NO;
				ENABLE_STRICT_OBJC_MSGSEND = YES;
				GCC_C_LANGUAGE_STANDARD = gnu99;
				GCC_DYNAMIC_NO_PIC = NO;
				GCC_OPTIMIZATION_LEVEL = 0;
				GCC_PREPROCESSOR_DEFINITIONS = (
					"DEBUG=1",
					"$(inherited)",
				);
				GCC_SYMBOLS_PRIVATE_EXTERN = NO;
				GCC_WARN_64_TO_32_BIT_CONVERSION = YES;
				GCC_WARN_ABOUT_RETURN_TYPE = YES_ERROR;
				GCC_WARN_UNDECLARED_SELECTOR = YES;
				GCC_WARN_UNINITIALIZED_AUTOS = YES_AGGRESSIVE;
				GCC_WARN_UNUSED_FUNCTION = YES;
				GCC_WARN_UNUSED_VARIABLE = YES;
				IPHONEOS_DEPLOYMENT_TARGET = 8.1;
				MTL_ENABLE_DEBUG_INFO = YES;
				ONLY_ACTIVE_ARCH = YES;
				SDKROOT = iphoneos;
			};
			name = Debug;
		};
		5686B2E51A8D46BD009815D9 /* Release */ = {
			isa = XCBuildConfiguration;
			buildSettings = {
				ALWAYS_SEARCH_USER_PATHS = NO;
				CLANG_CXX_LANGUAGE_STANDARD = "gnu++0x";
				CLANG_CXX_LIBRARY = "libc++";
				CLANG_ENABLE_MODULES = YES;
				CLANG_ENABLE_OBJC_ARC = YES;
				CLANG_WARN_BOOL_CONVERSION = YES;
				CLANG_WARN_CONSTANT_CONVERSION = YES;
				CLANG_WARN_DIRECT_OBJC_ISA_USAGE = YES_ERROR;
				CLANG_WARN_EMPTY_BODY = YES;
				CLANG_WARN_ENUM_CONVERSION = YES;
				CLANG_WARN_INT_CONVERSION = YES;
				CLANG_WARN_OBJC_ROOT_CLASS = YES_ERROR;
				CLANG_WARN_UNREACHABLE_CODE = YES;
				CLANG_WARN__DUPLICATE_METHOD_MATCH = YES;
				"CODE_SIGN_IDENTITY[sdk=iphoneos*]" = "iPhone Developer";
				COPY_PHASE_STRIP = YES;
				ENABLE_NS_ASSERTIONS = NO;
				ENABLE_STRICT_OBJC_MSGSEND = YES;
				GCC_C_LANGUAGE_STANDARD = gnu99;
				GCC_WARN_64_TO_32_BIT_CONVERSION = YES;
				GCC_WARN_ABOUT_RETURN_TYPE = YES_ERROR;
				GCC_WARN_UNDECLARED_SELECTOR = YES;
				GCC_WARN_UNINITIALIZED_AUTOS = YES_AGGRESSIVE;
				GCC_WARN_UNUSED_FUNCTION = YES;
				GCC_WARN_UNUSED_VARIABLE = YES;
				IPHONEOS_DEPLOYMENT_TARGET = 8.1;
				MTL_ENABLE_DEBUG_INFO = NO;
				SDKROOT = iphoneos;
				VALIDATE_PRODUCT = YES;
			};
			name = Release;
		};
		5686B2E71A8D46BD009815D9 /* Debug */ = {
			isa = XCBuildConfiguration;
			buildSettings = {
				ASSETCATALOG_COMPILER_APPICON_NAME = AppIcon;
				INFOPLIST_FILE = DreamCatcher/Info.plist;
				LD_RUNPATH_SEARCH_PATHS = "$(inherited) @executable_path/Frameworks";
				PRODUCT_NAME = "$(TARGET_NAME)";
			};
			name = Debug;
		};
		5686B2E81A8D46BD009815D9 /* Release */ = {
			isa = XCBuildConfiguration;
			buildSettings = {
				ASSETCATALOG_COMPILER_APPICON_NAME = AppIcon;
				INFOPLIST_FILE = DreamCatcher/Info.plist;
				LD_RUNPATH_SEARCH_PATHS = "$(inherited) @executable_path/Frameworks";
				PRODUCT_NAME = "$(TARGET_NAME)";
			};
			name = Release;
		};
		5686B2EA1A8D46BD009815D9 /* Debug */ = {
			isa = XCBuildConfiguration;
			buildSettings = {
				BUNDLE_LOADER = "$(TEST_HOST)";
				FRAMEWORK_SEARCH_PATHS = (
					"$(SDKROOT)/Developer/Library/Frameworks",
					"$(inherited)",
				);
				GCC_PREPROCESSOR_DEFINITIONS = (
					"DEBUG=1",
					"$(inherited)",
				);
				INFOPLIST_FILE = DreamCatcherTests/Info.plist;
				LD_RUNPATH_SEARCH_PATHS = "$(inherited) @executable_path/Frameworks @loader_path/Frameworks";
				PRODUCT_NAME = "$(TARGET_NAME)";
				TEST_HOST = "$(BUILT_PRODUCTS_DIR)/DreamCatcher.app/DreamCatcher";
			};
			name = Debug;
		};
		5686B2EB1A8D46BD009815D9 /* Release */ = {
			isa = XCBuildConfiguration;
			buildSettings = {
				BUNDLE_LOADER = "$(TEST_HOST)";
				FRAMEWORK_SEARCH_PATHS = (
					"$(SDKROOT)/Developer/Library/Frameworks",
					"$(inherited)",
				);
				INFOPLIST_FILE = DreamCatcherTests/Info.plist;
				LD_RUNPATH_SEARCH_PATHS = "$(inherited) @executable_path/Frameworks @loader_path/Frameworks";
				PRODUCT_NAME = "$(TARGET_NAME)";
				TEST_HOST = "$(BUILT_PRODUCTS_DIR)/DreamCatcher.app/DreamCatcher";
			};
			name = Release;
		};
/* End XCBuildConfiguration section */

/* Begin XCConfigurationList section */
		5686B2BE1A8D46BC009815D9 /* Build configuration list for PBXProject "DreamCatcher" */ = {
			isa = XCConfigurationList;
			buildConfigurations = (
				5686B2E41A8D46BD009815D9 /* Debug */,
				5686B2E51A8D46BD009815D9 /* Release */,
			);
			defaultConfigurationIsVisible = 0;
			defaultConfigurationName = Release;
		};
		5686B2E61A8D46BD009815D9 /* Build configuration list for PBXNativeTarget "DreamCatcher" */ = {
			isa = XCConfigurationList;
			buildConfigurations = (
				5686B2E71A8D46BD009815D9 /* Debug */,
				5686B2E81A8D46BD009815D9 /* Release */,
			);
			defaultConfigurationIsVisible = 0;
			defaultConfigurationName = Release;
		};
		5686B2E91A8D46BD009815D9 /* Build configuration list for PBXNativeTarget "DreamCatcherTests" */ = {
			isa = XCConfigurationList;
			buildConfigurations = (
				5686B2EA1A8D46BD009815D9 /* Debug */,
				5686B2EB1A8D46BD009815D9 /* Release */,
			);
			defaultConfigurationIsVisible = 0;
			defaultConfigurationName = Release;
		};
/* End XCConfigurationList section */
	};
	rootObject = 5686B2BB1A8D46BC009815D9 /* Project object */;
}
